
Microsoft Visual Studio Solution File, Format Version 12.00
Project("{FAE04EC0-301F-11D3-BF4B-00C04F79EFBC}") = "GestionCompte", "GestionCompte\GestionCompte.csproj", "{DFBDA6EB-3023-470A-B402-02177A512009}"
EndProject
Project("{FAE04EC0-301F-11D3-BF4B-00C04F79EFBC}") = "GestionCompteTests", "GestionCompteTests\GestionCompteTests.csproj", "{0B9CDD00-04C0-444E-B8BF-32F10B121B06}"
EndProject
Global
	GlobalSection(SolutionConfigurationPlatforms) = preSolution
		Debug|Any CPU = Debug|Any CPU
		Release|Any CPU = Release|Any CPU
	EndGlobalSection
	GlobalSection(ProjectConfigurationPlatforms) = postSolution
		{DFBDA6EB-3023-470A-B402-02177A512009}.Debug|Any CPU.ActiveCfg = Debug|Any CPU
		{DFBDA6EB-3023-470A-B402-02177A512009}.Debug|Any CPU.Build.0 = Debug|Any CPU
		{DFBDA6EB-3023-470A-B402-02177A512009}.Release|Any CPU.ActiveCfg = Release|Any CPU
		{DFBDA6EB-3023-470A-B402-02177A512009}.Release|Any CPU.Build.0 = Release|Any CPU
		{0B9CDD00-04C0-444E-B8BF-32F10B121B06}.Debug|Any CPU.ActiveCfg = Debug|Any CPU
		{0B9CDD00-04C0-444E-B8BF-32F10B121B06}.Debug|Any CPU.Build.0 = Debug|Any CPU
		{0B9CDD00-04C0-444E-B8BF-32F10B121B06}.Release|Any CPU.ActiveCfg = Release|Any CPU
		{0B9CDD00-04C0-444E-B8BF-32F10B121B06}.Release|Any CPU.Build.0 = Release|Any CPU
	EndGlobalSection
EndGlobal
